
Microsoft Visual Studio Solution File, Format Version 12.00
# Visual Studio Version 17
VisualStudioVersion = 17.7.34003.232
MinimumVisualStudioVersion = 10.0.40219.1
Project("{9A19103F-16F7-4668-BE54-9A1E7A4F7556}") = "ApiMySqlDocker", "ApiMySqlDocker\ApiMySqlDocker.csproj", "{8BED0A96-1149-4D2F-8EC6-63F356939780}"
EndProject
Project("{E53339B2-1760-4266-BCC7-CA923CBCF16C}") = "docker-compose", "docker-compose.dcproj", "{E253A077-530F-4773-AE15-4F2DAA2ADADC}"
EndProject
Global
	GlobalSection(SolutionConfigurationPlatforms) = preSolution
		Debug|Any CPU = Debug|Any CPU
		Release|Any CPU = Release|Any CPU
	EndGlobalSection
	GlobalSection(ProjectConfigurationPlatforms) = postSolution
		{8BED0A96-1149-4D2F-8EC6-63F356939780}.Debug|Any CPU.ActiveCfg = Debug|Any CPU
		{8BED0A96-1149-4D2F-8EC6-63F356939780}.Debug|Any CPU.Build.0 = Debug|Any CPU
		{8BED0A96-1149-4D2F-8EC6-63F356939780}.Release|Any CPU.ActiveCfg = Release|Any CPU
		{8BED0A96-1149-4D2F-8EC6-63F356939780}.Release|Any CPU.Build.0 = Release|Any CPU
		{E253A077-530F-4773-AE15-4F2DAA2ADADC}.Debug|Any CPU.ActiveCfg = Debug|Any CPU
		{E253A077-530F-4773-AE15-4F2DAA2ADADC}.Debug|Any CPU.Build.0 = Debug|Any CPU
		{E253A077-530F-4773-AE15-4F2DAA2ADADC}.Release|Any CPU.ActiveCfg = Release|Any CPU
		{E253A077-530F-4773-AE15-4F2DAA2ADADC}.Release|Any CPU.Build.0 = Release|Any CPU
	EndGlobalSection
	GlobalSection(SolutionProperties) = preSolution
		HideSolutionNode = FALSE
	EndGlobalSection
	GlobalSection(ExtensibilityGlobals) = postSolution
		SolutionGuid = {3AACFEB7-7383-4D2A-A339-DADFE7337DCF}
	EndGlobalSection
EndGlobal
